
Microsoft Visual Studio Solution File, Format Version 12.00
# Visual Studio Version 16
VisualStudioVersion = 16.0.32630.194
MinimumVisualStudioVersion = 10.0.40219.1
Project("{FAE04EC0-301F-11D3-BF4B-00C04F79EFBC}") = "KodelabAssessment1122", "KodelabAssessment1122\KodelabAssessment1122.csproj", "{92F54254-47EC-464E-B6F9-44F89B836618}"
EndProject
Project("{FAE04EC0-301F-11D3-BF4B-00C04F79EFBC}") = "KodelabAssessment1122API", "KodelabAssessment1122API\KodelabAssessment1122API.csproj", "{CCF85654-CE12-4171-9AF5-A5A446C109FB}"
EndProject
Project("{FAE04EC0-301F-11D3-BF4B-00C04F79EFBC}") = "KodelabAssessment1122DLL", "KodelabAssessment1122DLL\KodelabAssessment1122DLL.csproj", "{E29C0248-CD3B-425F-8289-7377CE5417C1}"
EndProject
Global
	GlobalSection(SolutionConfigurationPlatforms) = preSolution
		Debug|Any CPU = Debug|Any CPU
		Release|Any CPU = Release|Any CPU
	EndGlobalSection
	GlobalSection(ProjectConfigurationPlatforms) = postSolution
		{92F54254-47EC-464E-B6F9-44F89B836618}.Debug|Any CPU.ActiveCfg = Debug|Any CPU
		{92F54254-47EC-464E-B6F9-44F89B836618}.Debug|Any CPU.Build.0 = Debug|Any CPU
		{92F54254-47EC-464E-B6F9-44F89B836618}.Release|Any CPU.ActiveCfg = Release|Any CPU
		{92F54254-47EC-464E-B6F9-44F89B836618}.Release|Any CPU.Build.0 = Release|Any CPU
		{CCF85654-CE12-4171-9AF5-A5A446C109FB}.Debug|Any CPU.ActiveCfg = Debug|Any CPU
		{CCF85654-CE12-4171-9AF5-A5A446C109FB}.Debug|Any CPU.Build.0 = Debug|Any CPU
		{CCF85654-CE12-4171-9AF5-A5A446C109FB}.Release|Any CPU.ActiveCfg = Release|Any CPU
		{CCF85654-CE12-4171-9AF5-A5A446C109FB}.Release|Any CPU.Build.0 = Release|Any CPU
		{E29C0248-CD3B-425F-8289-7377CE5417C1}.Debug|Any CPU.ActiveCfg = Debug|Any CPU
		{E29C0248-CD3B-425F-8289-7377CE5417C1}.Debug|Any CPU.Build.0 = Debug|Any CPU
		{E29C0248-CD3B-425F-8289-7377CE5417C1}.Release|Any CPU.ActiveCfg = Release|Any CPU
		{E29C0248-CD3B-425F-8289-7377CE5417C1}.Release|Any CPU.Build.0 = Release|Any CPU
	EndGlobalSection
	GlobalSection(SolutionProperties) = preSolution
		HideSolutionNode = FALSE
	EndGlobalSection
	GlobalSection(ExtensibilityGlobals) = postSolution
		SolutionGuid = {8D4F51A6-17AA-4A7F-9393-8B059BEF40E6}
	EndGlobalSection
EndGlobal
